
Microsoft Visual Studio Solution File, Format Version 12.00
# Visual Studio Version 17
VisualStudioVersion = 17.13.35931.197
MinimumVisualStudioVersion = 10.0.40219.1
Project("{FAE04EC0-301F-11D3-BF4B-00C04F79EFBC}") = "WpfStudyApp01", "WpfStudyApp01\WpfStudyApp01.csproj", "{8A4A7470-7BA6-4FB2-9BE1-646B73ECCE86}"
EndProject
Project("{FAE04EC0-301F-11D3-BF4B-00C04F79EFBC}") = "WpfStudyApp02", "WpfStudyApp02\WpfStudyApp02.csproj", "{6CA41E03-00E9-45D1-911E-B9E6F7ABC8BD}"
EndProject
Project("{FAE04EC0-301F-11D3-BF4B-00C04F79EFBC}") = "WpfStudyApp03", "WpfStudyApp03\WpfStudyApp03.csproj", "{B0340E50-25D1-4B1B-8741-2EFBB9725106}"
EndProject
Global
	GlobalSection(SolutionConfigurationPlatforms) = preSolution
		Debug|Any CPU = Debug|Any CPU
		Release|Any CPU = Release|Any CPU
	EndGlobalSection
	GlobalSection(ProjectConfigurationPlatforms) = postSolution
		{8A4A7470-7BA6-4FB2-9BE1-646B73ECCE86}.Debug|Any CPU.ActiveCfg = Debug|Any CPU
		{8A4A7470-7BA6-4FB2-9BE1-646B73ECCE86}.Debug|Any CPU.Build.0 = Debug|Any CPU
		{8A4A7470-7BA6-4FB2-9BE1-646B73ECCE86}.Release|Any CPU.ActiveCfg = Release|Any CPU
		{8A4A7470-7BA6-4FB2-9BE1-646B73ECCE86}.Release|Any CPU.Build.0 = Release|Any CPU
		{6CA41E03-00E9-45D1-911E-B9E6F7ABC8BD}.Debug|Any CPU.ActiveCfg = Debug|Any CPU
		{6CA41E03-00E9-45D1-911E-B9E6F7ABC8BD}.Debug|Any CPU.Build.0 = Debug|Any CPU
		{6CA41E03-00E9-45D1-911E-B9E6F7ABC8BD}.Release|Any CPU.ActiveCfg = Release|Any CPU
		{6CA41E03-00E9-45D1-911E-B9E6F7ABC8BD}.Release|Any CPU.Build.0 = Release|Any CPU
		{B0340E50-25D1-4B1B-8741-2EFBB9725106}.Debug|Any CPU.ActiveCfg = Debug|Any CPU
		{B0340E50-25D1-4B1B-8741-2EFBB9725106}.Debug|Any CPU.Build.0 = Debug|Any CPU
		{B0340E50-25D1-4B1B-8741-2EFBB9725106}.Release|Any CPU.ActiveCfg = Release|Any CPU
		{B0340E50-25D1-4B1B-8741-2EFBB9725106}.Release|Any CPU.Build.0 = Release|Any CPU
	EndGlobalSection
	GlobalSection(SolutionProperties) = preSolution
		HideSolutionNode = FALSE
	EndGlobalSection
	GlobalSection(ExtensibilityGlobals) = postSolution
		SolutionGuid = {4D75664F-B889-4856-8119-1329AEEF6B47}
	EndGlobalSection
EndGlobal
