
Microsoft Visual Studio Solution File, Format Version 12.00
# Visual Studio Version 17
VisualStudioVersion = 17.13.35931.197
MinimumVisualStudioVersion = 10.0.40219.1
Project("{FAE04EC0-301F-11D3-BF4B-00C04F79EFBC}") = "SyntaxWinApp01", "SyntaxWinApp01\SyntaxWinApp01.csproj", "{ECE05870-F70C-42E1-9B35-085C9620ED6A}"
EndProject
Project("{FAE04EC0-301F-11D3-BF4B-00C04F79EFBC}") = "SyntaxWinApp02", "SyntaxWinApp02\SyntaxWinApp02.csproj", "{EB24604D-15C0-4634-9457-FDAECEAC137C}"
EndProject
Project("{FAE04EC0-301F-11D3-BF4B-00C04F79EFBC}") = "SyntaxWinApp03", "SyntaxWinApp03\SyntaxWinApp03.csproj", "{A67989B5-B658-4322-A7C7-C51BCABD1CDD}"
EndProject
Global
	GlobalSection(SolutionConfigurationPlatforms) = preSolution
		Debug|Any CPU = Debug|Any CPU
		Release|Any CPU = Release|Any CPU
	EndGlobalSection
	GlobalSection(ProjectConfigurationPlatforms) = postSolution
		{ECE05870-F70C-42E1-9B35-085C9620ED6A}.Debug|Any CPU.ActiveCfg = Debug|Any CPU
		{ECE05870-F70C-42E1-9B35-085C9620ED6A}.Debug|Any CPU.Build.0 = Debug|Any CPU
		{ECE05870-F70C-42E1-9B35-085C9620ED6A}.Release|Any CPU.ActiveCfg = Release|Any CPU
		{ECE05870-F70C-42E1-9B35-085C9620ED6A}.Release|Any CPU.Build.0 = Release|Any CPU
		{EB24604D-15C0-4634-9457-FDAECEAC137C}.Debug|Any CPU.ActiveCfg = Debug|Any CPU
		{EB24604D-15C0-4634-9457-FDAECEAC137C}.Debug|Any CPU.Build.0 = Debug|Any CPU
		{EB24604D-15C0-4634-9457-FDAECEAC137C}.Release|Any CPU.ActiveCfg = Release|Any CPU
		{EB24604D-15C0-4634-9457-FDAECEAC137C}.Release|Any CPU.Build.0 = Release|Any CPU
		{A67989B5-B658-4322-A7C7-C51BCABD1CDD}.Debug|Any CPU.ActiveCfg = Debug|Any CPU
		{A67989B5-B658-4322-A7C7-C51BCABD1CDD}.Debug|Any CPU.Build.0 = Debug|Any CPU
		{A67989B5-B658-4322-A7C7-C51BCABD1CDD}.Release|Any CPU.ActiveCfg = Release|Any CPU
		{A67989B5-B658-4322-A7C7-C51BCABD1CDD}.Release|Any CPU.Build.0 = Release|Any CPU
	EndGlobalSection
	GlobalSection(SolutionProperties) = preSolution
		HideSolutionNode = FALSE
	EndGlobalSection
	GlobalSection(ExtensibilityGlobals) = postSolution
		SolutionGuid = {ABAB57A0-BEDA-4A2E-8AE7-7B235FF6720C}
	EndGlobalSection
EndGlobal
