
Microsoft Visual Studio Solution File, Format Version 12.00
# Visual Studio Version 17
VisualStudioVersion = 17.13.35931.197
MinimumVisualStudioVersion = 10.0.40219.1
Project("{FAE04EC0-301F-11D3-BF4B-00C04F79EFBC}") = "SyntaxWinApp01", "SyntaxWinApp01\SyntaxWinApp01.csproj", "{DCFDC718-6E4F-4119-A07A-3708BDAD84A2}"
EndProject
Project("{FAE04EC0-301F-11D3-BF4B-00C04F79EFBC}") = "SyntaxWinApp02", "SyntaxWinApp02\SyntaxWinApp02.csproj", "{9BC52E7E-A189-4EAF-98E5-AD963382EA1F}"
EndProject
Global
	GlobalSection(SolutionConfigurationPlatforms) = preSolution
		Debug|Any CPU = Debug|Any CPU
		Release|Any CPU = Release|Any CPU
	EndGlobalSection
	GlobalSection(ProjectConfigurationPlatforms) = postSolution
		{DCFDC718-6E4F-4119-A07A-3708BDAD84A2}.Debug|Any CPU.ActiveCfg = Debug|Any CPU
		{DCFDC718-6E4F-4119-A07A-3708BDAD84A2}.Debug|Any CPU.Build.0 = Debug|Any CPU
		{DCFDC718-6E4F-4119-A07A-3708BDAD84A2}.Release|Any CPU.ActiveCfg = Release|Any CPU
		{DCFDC718-6E4F-4119-A07A-3708BDAD84A2}.Release|Any CPU.Build.0 = Release|Any CPU
		{9BC52E7E-A189-4EAF-98E5-AD963382EA1F}.Debug|Any CPU.ActiveCfg = Debug|Any CPU
		{9BC52E7E-A189-4EAF-98E5-AD963382EA1F}.Debug|Any CPU.Build.0 = Debug|Any CPU
		{9BC52E7E-A189-4EAF-98E5-AD963382EA1F}.Release|Any CPU.ActiveCfg = Release|Any CPU
		{9BC52E7E-A189-4EAF-98E5-AD963382EA1F}.Release|Any CPU.Build.0 = Release|Any CPU
	EndGlobalSection
	GlobalSection(SolutionProperties) = preSolution
		HideSolutionNode = FALSE
	EndGlobalSection
	GlobalSection(ExtensibilityGlobals) = postSolution
		SolutionGuid = {5D326D87-2C92-4B9F-81E2-2152297E2184}
	EndGlobalSection
EndGlobal
